{
  "name": "c7emr",
  "version": "1.0.0",
  "lockfileVersion": 3,
  "requires": true,
  "packages": {
    "": {
      "name": "c7emr",
      "version": "1.0.0",
      "license": "MIT",
      "workspaces": [
        "packages/*"
      ]
    },
    "node_modules/brython": {
      "version": "3.14.3",
      "resolved": "https://registry.npmjs.org/brython/-/brython-3.14.3.tgz",
      "integrity": "sha512-d06vY02XaJEexv6knEqNd6ZYpBguPXI4JrCcoBchJOaoy1yf3anmDrU7TWbY1Gyq/9BxG2mJ+X1GgTaFusT1Vg==",
      "license": "BSD-3-Clause"
    },
    "node_modules/c7emr-lua": {
      "resolved": "packages/lua",
      "link": true
    },
    "node_modules/c7emr-python": {
      "resolved": "packages/python",
      "link": true
    },
    "node_modules/c7emr-wasm": {
      "resolved": "packages/wasm",
      "link": true
    },
    "node_modules/fengari": {
      "version": "0.1.5",
      "resolved": "https://registry.npmjs.org/fengari/-/fengari-0.1.5.tgz",
      "integrity": "sha512-0DS4Nn4rV8qyFlQCpKK8brT61EUtswynrpfFTcgLErcilBIBskSMQ86fO2WVuybr14ywyKdRjv91FiRZwnEuvQ==",
      "license": "MIT",
      "dependencies": {
        "readline-sync": "^1.4.10",
        "sprintf-js": "^1.1.3",
        "tmp": "^0.2.5"
      }
    },
    "node_modules/fengari-interop": {
      "version": "0.1.4",
      "resolved": "https://registry.npmjs.org/fengari-interop/-/fengari-interop-0.1.4.tgz",
      "integrity": "sha512-4/CW/3PJUo3ebD4ACgE1g/3NGEYSq7OQAyETyypsAl/WeySDBbxExikkayNkZzbpgyC9GyJp8v1DU2VOXxNq7Q==",
      "license": "MIT",
      "peerDependencies": {
        "fengari": "^0.1.0"
      }
    },
    "node_modules/fengari-web": {
      "version": "0.1.4",
      "resolved": "https://registry.npmjs.org/fengari-web/-/fengari-web-0.1.4.tgz",
      "integrity": "sha512-f+W/Csx9VNyKttxYjZnk6290+Pcs7w7noDVhkuPEt0e51GWoD32vSNHFXhZYzTe8Ni/bhbk5VocNV1RBIgO5iA==",
      "license": "MIT",
      "dependencies": {
        "fengari": "^0.1.4",
        "fengari-interop": "^0.1"
      }
    },
    "node_modules/polywasm": {
      "version": "0.2.0",
      "resolved": "https://registry.npmjs.org/polywasm/-/polywasm-0.2.0.tgz",
      "integrity": "sha512-13Lg5S4fkF6onHsIeITWBnrPYhPe6iqdZCGJ8K+RAlL3qvGptPuWR4aQtULmbkGW2/XzXxWoHKlWsYRAvfcLnA==",
      "license": "MIT"
    },
    "node_modules/readline-sync": {
      "version": "1.4.10",
      "resolved": "https://registry.npmjs.org/readline-sync/-/readline-sync-1.4.10.tgz",
      "integrity": "sha512-gNva8/6UAe8QYepIQH/jQ2qn91Qj0B9sYjMBBs3QOB8F2CXcKgLxQaJRP76sWVRQt+QU+8fAkCbCvjjMFu7Ycw==",
      "license": "MIT",
      "engines": {
        "node": ">= 0.8.0"
      }
    },
    "node_modules/sprintf-js": {
      "version": "1.1.3",
      "resolved": "https://registry.npmjs.org/sprintf-js/-/sprintf-js-1.1.3.tgz",
      "integrity": "sha512-Oo+0REFV59/rz3gfJNKQiBlwfHaSESl1pcGyABQsnnIfWOFt6JNj5gCog2U6MLZ//IGYD+nA8nI+mTShREReaA==",
      "license": "BSD-3-Clause"
    },
    "node_modules/tmp": {
      "version": "0.2.7",
      "resolved": "https://registry.npmjs.org/tmp/-/tmp-0.2.7.tgz",
      "integrity": "sha512-e0votIpp4Uo2AJYSzVHV6xCcawuiez3DzqDAbrTc3YxBkplN6e+dM13ZeIcZnDg/QpSuU2zfZ3rzwY8ukEnaXw==",
      "license": "MIT",
      "engines": {
        "node": ">=14.14"
      }
    },
    "packages/lua": {
      "name": "c7emr-lua",
      "version": "1.0.0",
      "license": "ISC",
      "dependencies": {
        "fengari-web": "^0.1.4"
      }
    },
    "packages/python": {
      "name": "c7emr-python",
      "version": "1.0.0",
      "license": "ISC",
      "dependencies": {
        "brython": "^3.14.3"
      },
      "devDependencies": {}
    },
    "packages/wasm": {
      "name": "c7emr-wasm",
      "version": "1.0.0",
      "license": "ISC",
      "dependencies": {
        "polywasm": "^0.2.0"
      }
    }
  }
}
